// !$*UTF8*$!
{
	archiveVersion = 1;
	classes = {
	};
	objectVersion = 46;
	objects = {

/* Begin PBXBuildFile section */
		01D9D58357D016E90A104C74 /* libPods-geny-webrtc.a in Frameworks */ = {isa = PBXBuildFile; fileRef = F1725E9F99C13F2DBB4E39DF /* libPods-geny-webrtc.a */; };
		EE8172AC1B6ACE8A004B850B /* TurnClient.swift in Sources */ = {isa = PBXBuildFile; fileRef = EE8172AB1B6ACE8A004B850B /* TurnClient.swift */; };
		EE8172B01B6AF926004B850B /* Extensions.swift in Sources */ = {isa = PBXBuildFile; fileRef = EE8172AF1B6AF926004B850B /* Extensions.swift */; };
		EE8172B41B6B4683004B850B /* RTCIceServer+JSON.swift in Sources */ = {isa = PBXBuildFile; fileRef = EE8172B31B6B4683004B850B /* RTCIceServer+JSON.swift */; };
		EE8172B61B6B567A004B850B /* Globals.swift in Sources */ = {isa = PBXBuildFile; fileRef = EE8172B51B6B567A004B850B /* Globals.swift */; };
		EECF59D91B689BE3009D2408 /* AppDelegate.swift in Sources */ = {isa = PBXBuildFile; fileRef = EECF59D81B689BE3009D2408 /* AppDelegate.swift */; };
		EECF59DC1B689BE3009D2408 /* geny_webrtc.xcdatamodeld in Sources */ = {isa = PBXBuildFile; fileRef = EECF59DA1B689BE3009D2408 /* geny_webrtc.xcdatamodeld */; };
		EECF59DE1B689BE3009D2408 /* ViewController.swift in Sources */ = {isa = PBXBuildFile; fileRef = EECF59DD1B689BE3009D2408 /* ViewController.swift */; };
		EECF59E11B689BE3009D2408 /* Main.storyboard in Resources */ = {isa = PBXBuildFile; fileRef = EECF59DF1B689BE3009D2408 /* Main.storyboard */; };
		EECF59E31B689BE3009D2408 /* Images.xcassets in Resources */ = {isa = PBXBuildFile; fileRef = EECF59E21B689BE3009D2408 /* Images.xcassets */; };
		EECF59E61B689BE3009D2408 /* LaunchScreen.xib in Resources */ = {isa = PBXBuildFile; fileRef = EECF59E41B689BE3009D2408 /* LaunchScreen.xib */; };
		EECF59F21B689BE3009D2408 /* geny_webrtcTests.swift in Sources */ = {isa = PBXBuildFile; fileRef = EECF59F11B689BE3009D2408 /* geny_webrtcTests.swift */; };
		EECF59FC1B689BFD009D2408 /* VideoToolbox.framework in Frameworks */ = {isa = PBXBuildFile; fileRef = EECF59FB1B689BFD009D2408 /* VideoToolbox.framework */; };
		EECF59FE1B689DC7009D2408 /* RTCAppClient.swift in Sources */ = {isa = PBXBuildFile; fileRef = EECF59FD1B689DC7009D2408 /* RTCAppClient.swift */; };
		EECF5A031B68C0EA009D2408 /* libicucore.dylib in Frameworks */ = {isa = PBXBuildFile; fileRef = EECF5A021B68C0EA009D2408 /* libicucore.dylib */; };
		EECF5A051B68C0F2009D2408 /* CFNetwork.framework in Frameworks */ = {isa = PBXBuildFile; fileRef = EECF5A041B68C0F2009D2408 /* CFNetwork.framework */; };
		EECF5A071B68C0FA009D2408 /* Security.framework in Frameworks */ = {isa = PBXBuildFile; fileRef = EECF5A061B68C0FA009D2408 /* Security.framework */; };
		EECF5A091B68C103009D2408 /* Foundation.framework in Frameworks */ = {isa = PBXBuildFile; fileRef = EECF5A081B68C103009D2408 /* Foundation.framework */; };
		EECF5A321B68CF7F009D2408 /* SocketChannel.swift in Sources */ = {isa = PBXBuildFile; fileRef = EECF5A311B68CF7F009D2408 /* SocketChannel.swift */; };
/* End PBXBuildFile section */

/* Begin PBXContainerItemProxy section */
		EECF59EC1B689BE3009D2408 /* PBXContainerItemProxy */ = {
			isa = PBXContainerItemProxy;
			containerPortal = EECF59CB1B689BE2009D2408 /* Project object */;
			proxyType = 1;
			remoteGlobalIDString = EECF59D21B689BE2009D2408;
			remoteInfo = "geny-webrtc";
		};
/* End PBXContainerItemProxy section */

/* Begin PBXFileReference section */
		0C0A78AAD0FDDD0554974D9D /* Pods-geny-webrtc.debug.xcconfig */ = {isa = PBXFileReference; includeInIndex = 1; lastKnownFileType = text.xcconfig; name = "Pods-geny-webrtc.debug.xcconfig"; path = "Pods/Target Support Files/Pods-geny-webrtc/Pods-geny-webrtc.debug.xcconfig"; sourceTree = "<group>"; };
		664C0F88B3F2204A516140E6 /* Pods-geny-webrtc.release.xcconfig */ = {isa = PBXFileReference; includeInIndex = 1; lastKnownFileType = text.xcconfig; name = "Pods-geny-webrtc.release.xcconfig"; path = "Pods/Target Support Files/Pods-geny-webrtc/Pods-geny-webrtc.release.xcconfig"; sourceTree = "<group>"; };
		EE8172A71B6AAB89004B850B /* DemoNewFormat.playground */ = {isa = PBXFileReference; lastKnownFileType = file.playground; path = DemoNewFormat.playground; sourceTree = "<group>"; };
		EE8172A81B6AAD71004B850B /* webrtc-pg.playground */ = {isa = PBXFileReference; lastKnownFileType = file.playground; path = "webrtc-pg.playground"; sourceTree = "<group>"; };
		EE8172AB1B6ACE8A004B850B /* TurnClient.swift */ = {isa = PBXFileReference; fileEncoding = 4; lastKnownFileType = sourcecode.swift; path = TurnClient.swift; sourceTree = "<group>"; };
		EE8172AD1B6AD862004B850B /* Request.playground */ = {isa = PBXFileReference; lastKnownFileType = file.playground; path = Request.playground; sourceTree = "<group>"; };
		EE8172AE1B6AD875004B850B /* Patterns.playground */ = {isa = PBXFileReference; lastKnownFileType = file.playground; path = Patterns.playground; sourceTree = "<group>"; };
		EE8172AF1B6AF926004B850B /* Extensions.swift */ = {isa = PBXFileReference; fileEncoding = 4; lastKnownFileType = sourcecode.swift; path = Extensions.swift; sourceTree = "<group>"; };
		EE8172B31B6B4683004B850B /* RTCIceServer+JSON.swift */ = {isa = PBXFileReference; fileEncoding = 4; lastKnownFileType = sourcecode.swift; path = "RTCIceServer+JSON.swift"; sourceTree = "<group>"; };
		EE8172B51B6B567A004B850B /* Globals.swift */ = {isa = PBXFileReference; fileEncoding = 4; lastKnownFileType = sourcecode.swift; path = Globals.swift; sourceTree = "<group>"; };
		EECF59D31B689BE2009D2408 /* geny-webrtc.app */ = {isa = PBXFileReference; explicitFileType = wrapper.application; includeInIndex = 0; path = "geny-webrtc.app"; sourceTree = BUILT_PRODUCTS_DIR; };
		EECF59D71B689BE3009D2408 /* Info.plist */ = {isa = PBXFileReference; lastKnownFileType = text.plist.xml; path = Info.plist; sourceTree = "<group>"; };
		EECF59D81B689BE3009D2408 /* AppDelegate.swift */ = {isa = PBXFileReference; lastKnownFileType = sourcecode.swift; path = AppDelegate.swift; sourceTree = "<group>"; };
		EECF59DB1B689BE3009D2408 /* geny_webrtc.xcdatamodel */ = {isa = PBXFileReference; lastKnownFileType = wrapper.xcdatamodel; path = geny_webrtc.xcdatamodel; sourceTree = "<group>"; };
		EECF59DD1B689BE3009D2408 /* ViewController.swift */ = {isa = PBXFileReference; lastKnownFileType = sourcecode.swift; path = ViewController.swift; sourceTree = "<group>"; };
		EECF59E01B689BE3009D2408 /* Base */ = {isa = PBXFileReference; lastKnownFileType = file.storyboard; name = Base; path = Base.lproj/Main.storyboard; sourceTree = "<group>"; };
		EECF59E21B689BE3009D2408 /* Images.xcassets */ = {isa = PBXFileReference; lastKnownFileType = folder.assetcatalog; path = Images.xcassets; sourceTree = "<group>"; };
		EECF59E51B689BE3009D2408 /* Base */ = {isa = PBXFileReference; lastKnownFileType = file.xib; name = Base; path = Base.lproj/LaunchScreen.xib; sourceTree = "<group>"; };
		EECF59EB1B689BE3009D2408 /* geny-webrtcTests.xctest */ = {isa = PBXFileReference; explicitFileType = wrapper.cfbundle; includeInIndex = 0; path = "geny-webrtcTests.xctest"; sourceTree = BUILT_PRODUCTS_DIR; };
		EECF59F01B689BE3009D2408 /* Info.plist */ = {isa = PBXFileReference; lastKnownFileType = text.plist.xml; path = Info.plist; sourceTree = "<group>"; };
		EECF59F11B689BE3009D2408 /* geny_webrtcTests.swift */ = {isa = PBXFileReference; lastKnownFileType = sourcecode.swift; path = geny_webrtcTests.swift; sourceTree = "<group>"; };
		EECF59FB1B689BFD009D2408 /* VideoToolbox.framework */ = {isa = PBXFileReference; lastKnownFileType = wrapper.framework; name = VideoToolbox.framework; path = System/Library/Frameworks/VideoToolbox.framework; sourceTree = SDKROOT; };
		EECF59FD1B689DC7009D2408 /* RTCAppClient.swift */ = {isa = PBXFileReference; fileEncoding = 4; lastKnownFileType = sourcecode.swift; path = RTCAppClient.swift; sourceTree = "<group>"; };
		EECF59FF1B689DFC009D2408 /* RTC-Bridging-Header.h */ = {isa = PBXFileReference; lastKnownFileType = sourcecode.c.h; path = "RTC-Bridging-Header.h"; sourceTree = "<group>"; };
		EECF5A021B68C0EA009D2408 /* libicucore.dylib */ = {isa = PBXFileReference; lastKnownFileType = "compiled.mach-o.dylib"; name = libicucore.dylib; path = usr/lib/libicucore.dylib; sourceTree = SDKROOT; };
		EECF5A041B68C0F2009D2408 /* CFNetwork.framework */ = {isa = PBXFileReference; lastKnownFileType = wrapper.framework; name = CFNetwork.framework; path = System/Library/Frameworks/CFNetwork.framework; sourceTree = SDKROOT; };
		EECF5A061B68C0FA009D2408 /* Security.framework */ = {isa = PBXFileReference; lastKnownFileType = wrapper.framework; name = Security.framework; path = System/Library/Frameworks/Security.framework; sourceTree = SDKROOT; };
		EECF5A081B68C103009D2408 /* Foundation.framework */ = {isa = PBXFileReference; lastKnownFileType = wrapper.framework; name = Foundation.framework; path = System/Library/Frameworks/Foundation.framework; sourceTree = SDKROOT; };
		EECF5A311B68CF7F009D2408 /* SocketChannel.swift */ = {isa = PBXFileReference; fileEncoding = 4; lastKnownFileType = sourcecode.swift; path = SocketChannel.swift; sourceTree = "<group>"; };
		F1725E9F99C13F2DBB4E39DF /* libPods-geny-webrtc.a */ = {isa = PBXFileReference; explicitFileType = archive.ar; includeInIndex = 0; path = "libPods-geny-webrtc.a"; sourceTree = BUILT_PRODUCTS_DIR; };
/* End PBXFileReference section */

/* Begin PBXFrameworksBuildPhase section */
		EECF59D01B689BE2009D2408 /* Frameworks */ = {
			isa = PBXFrameworksBuildPhase;
			buildActionMask = 2147483647;
			files = (
				EECF5A091B68C103009D2408 /* Foundation.framework in Frameworks */,
				EECF5A071B68C0FA009D2408 /* Security.framework in Frameworks */,
				EECF5A051B68C0F2009D2408 /* CFNetwork.framework in Frameworks */,
				EECF5A031B68C0EA009D2408 /* libicucore.dylib in Frameworks */,
				EECF59FC1B689BFD009D2408 /* VideoToolbox.framework in Frameworks */,
				01D9D58357D016E90A104C74 /* libPods-geny-webrtc.a in Frameworks */,
			);
			runOnlyForDeploymentPostprocessing = 0;
		};
		EECF59E81B689BE3009D2408 /* Frameworks */ = {
			isa = PBXFrameworksBuildPhase;
			buildActionMask = 2147483647;
			files = (
			);
			runOnlyForDeploymentPostprocessing = 0;
		};
/* End PBXFrameworksBuildPhase section */

/* Begin PBXGroup section */
		0A6E590929436302CD88D4C0 /* Pods */ = {
			isa = PBXGroup;
			children = (
				0C0A78AAD0FDDD0554974D9D /* Pods-geny-webrtc.debug.xcconfig */,
				664C0F88B3F2204A516140E6 /* Pods-geny-webrtc.release.xcconfig */,
			);
			name = Pods;
			sourceTree = "<group>";
		};
		938144550F88D9C1B8654592 /* Frameworks */ = {
			isa = PBXGroup;
			children = (
				EECF5A081B68C103009D2408 /* Foundation.framework */,
				EECF5A061B68C0FA009D2408 /* Security.framework */,
				EECF5A041B68C0F2009D2408 /* CFNetwork.framework */,
				EECF5A021B68C0EA009D2408 /* libicucore.dylib */,
				F1725E9F99C13F2DBB4E39DF /* libPods-geny-webrtc.a */,
			);
			name = Frameworks;
			sourceTree = "<group>";
		};
		EECF59CA1B689BE2009D2408 = {
			isa = PBXGroup;
			children = (
				EE8172AE1B6AD875004B850B /* Patterns.playground */,
				EE8172AD1B6AD862004B850B /* Request.playground */,
				EE8172A81B6AAD71004B850B /* webrtc-pg.playground */,
				EECF59FB1B689BFD009D2408 /* VideoToolbox.framework */,
				EECF59D51B689BE2009D2408 /* geny-webrtc */,
				EECF59EE1B689BE3009D2408 /* geny-webrtcTests */,
				EECF59D41B689BE2009D2408 /* Products */,
				0A6E590929436302CD88D4C0 /* Pods */,
				938144550F88D9C1B8654592 /* Frameworks */,
			);
			sourceTree = "<group>";
		};
		EECF59D41B689BE2009D2408 /* Products */ = {
			isa = PBXGroup;
			children = (
				EECF59D31B689BE2009D2408 /* geny-webrtc.app */,
				EECF59EB1B689BE3009D2408 /* geny-webrtcTests.xctest */,
			);
			name = Products;
			sourceTree = "<group>";
		};
		EECF59D51B689BE2009D2408 /* geny-webrtc */ = {
			isa = PBXGroup;
			children = (
				EECF59D81B689BE3009D2408 /* AppDelegate.swift */,
				EECF59DD1B689BE3009D2408 /* ViewController.swift */,
				EECF59DF1B689BE3009D2408 /* Main.storyboard */,
				EE8172A71B6AAB89004B850B /* DemoNewFormat.playground */,
				EECF59E21B689BE3009D2408 /* Images.xcassets */,
				EECF59E41B689BE3009D2408 /* LaunchScreen.xib */,
				EECF59DA1B689BE3009D2408 /* geny_webrtc.xcdatamodeld */,
				EECF59D61B689BE2009D2408 /* Supporting Files */,
				EECF59FD1B689DC7009D2408 /* RTCAppClient.swift */,
				EECF59FF1B689DFC009D2408 /* RTC-Bridging-Header.h */,
				EECF5A311B68CF7F009D2408 /* SocketChannel.swift */,
				EE8172AB1B6ACE8A004B850B /* TurnClient.swift */,
				EE8172AF1B6AF926004B850B /* Extensions.swift */,
				EE8172B31B6B4683004B850B /* RTCIceServer+JSON.swift */,
				EE8172B51B6B567A004B850B /* Globals.swift */,
			);
			path = "geny-webrtc";
			sourceTree = "<group>";
		};
		EECF59D61B689BE2009D2408 /* Supporting Files */ = {
			isa = PBXGroup;
			children = (
				EECF59D71B689BE3009D2408 /* Info.plist */,
			);
			name = "Supporting Files";
			sourceTree = "<group>";
		};
		EECF59EE1B689BE3009D2408 /* geny-webrtcTests */ = {
			isa = PBXGroup;
			children = (
				EECF59F11B689BE3009D2408 /* geny_webrtcTests.swift */,
				EECF59EF1B689BE3009D2408 /* Supporting Files */,
			);
			path = "geny-webrtcTests";
			sourceTree = "<group>";
		};
		EECF59EF1B689BE3009D2408 /* Supporting Files */ = {
			isa = PBXGroup;
			children = (
				EECF59F01B689BE3009D2408 /* Info.plist */,
			);
			name = "Supporting Files";
			sourceTree = "<group>";
		};
/* End PBXGroup section */

/* Begin PBXNativeTarget section */
		EECF59D21B689BE2009D2408 /* geny-webrtc */ = {
			isa = PBXNativeTarget;
			buildConfigurationList = EECF59F51B689BE3009D2408 /* Build configuration list for PBXNativeTarget "geny-webrtc" */;
			buildPhases = (
				3297712BD9EC2C4BF552BF72 /* Check Pods Manifest.lock */,
				EECF59CF1B689BE2009D2408 /* Sources */,
				EECF59D01B689BE2009D2408 /* Frameworks */,
				EECF59D11B689BE2009D2408 /* Resources */,
				B7D3539DBA159D0A45660B7A /* Copy Pods Resources */,
			);
			buildRules = (
			);
			dependencies = (
			);
			name = "geny-webrtc";
			productName = "geny-webrtc";
			productReference = EECF59D31B689BE2009D2408 /* geny-webrtc.app */;
			productType = "com.apple.product-type.application";
		};
		EECF59EA1B689BE3009D2408 /* geny-webrtcTests */ = {
			isa = PBXNativeTarget;
			buildConfigurationList = EECF59F81B689BE3009D2408 /* Build configuration list for PBXNativeTarget "geny-webrtcTests" */;
			buildPhases = (
				EECF59E71B689BE3009D2408 /* Sources */,
				EECF59E81B689BE3009D2408 /* Frameworks */,
				EECF59E91B689BE3009D2408 /* Resources */,
			);
			buildRules = (
			);
			dependencies = (
				EECF59ED1B689BE3009D2408 /* PBXTargetDependency */,
			);
			name = "geny-webrtcTests";
			productName = "geny-webrtcTests";
			productReference = EECF59EB1B689BE3009D2408 /* geny-webrtcTests.xctest */;
			productType = "com.apple.product-type.bundle.unit-test";
		};
/* End PBXNativeTarget section */

/* Begin PBXProject section */
		EECF59CB1B689BE2009D2408 /* Project object */ = {
			isa = PBXProject;
			attributes = {
				LastUpgradeCheck = 0640;
				ORGANIZATIONNAME = ghostmac;
				TargetAttributes = {
					EECF59D21B689BE2009D2408 = {
						CreatedOnToolsVersion = 6.4;
					};
					EECF59EA1B689BE3009D2408 = {
						CreatedOnToolsVersion = 6.4;
						TestTargetID = EECF59D21B689BE2009D2408;
					};
				};
			};
			buildConfigurationList = EECF59CE1B689BE2009D2408 /* Build configuration list for PBXProject "geny-webrtc" */;
			compatibilityVersion = "Xcode 3.2";
			developmentRegion = English;
			hasScannedForEncodings = 0;
			knownRegions = (
				en,
				Base,
			);
			mainGroup = EECF59CA1B689BE2009D2408;
			productRefGroup = EECF59D41B689BE2009D2408 /* Products */;
			projectDirPath = "";
			projectRoot = "";
			targets = (
				EECF59D21B689BE2009D2408 /* geny-webrtc */,
				EECF59EA1B689BE3009D2408 /* geny-webrtcTests */,
			);
		};
/* End PBXProject section */

/* Begin PBXResourcesBuildPhase section */
		EECF59D11B689BE2009D2408 /* Resources */ = {
			isa = PBXResourcesBuildPhase;
			buildActionMask = 2147483647;
			files = (
				EECF59E11B689BE3009D2408 /* Main.storyboard in Resources */,
				EECF59E61B689BE3009D2408 /* LaunchScreen.xib in Resources */,
				EECF59E31B689BE3009D2408 /* Images.xcassets in Resources */,
			);
			runOnlyForDeploymentPostprocessing = 0;
		};
		EECF59E91B689BE3009D2408 /* Resources */ = {
			isa = PBXResourcesBuildPhase;
			buildActionMask = 2147483647;
			files = (
			);
			runOnlyForDeploymentPostprocessing = 0;
		};
/* End PBXResourcesBuildPhase section */

/* Begin PBXShellScriptBuildPhase section */
		3297712BD9EC2C4BF552BF72 /* Check Pods Manifest.lock */ = {
			isa = PBXShellScriptBuildPhase;
			buildActionMask = 2147483647;
			files = (
			);
			inputPaths = (
			);
			name = "Check Pods Manifest.lock";
			outputPaths = (
			);
			runOnlyForDeploymentPostprocessing = 0;
			shellPath = /bin/sh;
			shellScript = "diff \"${PODS_ROOT}/../Podfile.lock\" \"${PODS_ROOT}/Manifest.lock\" > /dev/null\nif [[ $? != 0 ]] ; then\n    cat << EOM\nerror: The sandbox is not in sync with the Podfile.lock. Run 'pod install' or update your CocoaPods installation.\nEOM\n    exit 1\nfi\n";
			showEnvVarsInLog = 0;
		};
		B7D3539DBA159D0A45660B7A /* Copy Pods Resources */ = {
			isa = PBXShellScriptBuildPhase;
			buildActionMask = 2147483647;
			files = (
			);
			inputPaths = (
			);
			name = "Copy Pods Resources";
			outputPaths = (
			);
			runOnlyForDeploymentPostprocessing = 0;
			shellPath = /bin/sh;
			shellScript = "\"${SRCROOT}/Pods/Target Support Files/Pods-geny-webrtc/Pods-geny-webrtc-resources.sh\"\n";
			showEnvVarsInLog = 0;
		};
/* End PBXShellScriptBuildPhase section */

/* Begin PBXSourcesBuildPhase section */
		EECF59CF1B689BE2009D2408 /* Sources */ = {
			isa = PBXSourcesBuildPhase;
			buildActionMask = 2147483647;
			files = (
				EECF59DE1B689BE3009D2408 /* ViewController.swift in Sources */,
				EE8172AC1B6ACE8A004B850B /* TurnClient.swift in Sources */,
				EECF59D91B689BE3009D2408 /* AppDelegate.swift in Sources */,
				EECF59FE1B689DC7009D2408 /* RTCAppClient.swift in Sources */,
				EECF5A321B68CF7F009D2408 /* SocketChannel.swift in Sources */,
				EE8172B41B6B4683004B850B /* RTCIceServer+JSON.swift in Sources */,
				EECF59DC1B689BE3009D2408 /* geny_webrtc.xcdatamodeld in Sources */,
				EE8172B01B6AF926004B850B /* Extensions.swift in Sources */,
				EE8172B61B6B567A004B850B /* Globals.swift in Sources */,
			);
			runOnlyForDeploymentPostprocessing = 0;
		};
		EECF59E71B689BE3009D2408 /* Sources */ = {
			isa = PBXSourcesBuildPhase;
			buildActionMask = 2147483647;
			files = (
				EECF59F21B689BE3009D2408 /* geny_webrtcTests.swift in Sources */,
			);
			runOnlyForDeploymentPostprocessing = 0;
		};
/* End PBXSourcesBuildPhase section */

/* Begin PBXTargetDependency section */
		EECF59ED1B689BE3009D2408 /* PBXTargetDependency */ = {
			isa = PBXTargetDependency;
			target = EECF59D21B689BE2009D2408 /* geny-webrtc */;
			targetProxy = EECF59EC1B689BE3009D2408 /* PBXContainerItemProxy */;
		};
/* End PBXTargetDependency section */

/* Begin PBXVariantGroup section */
		EECF59DF1B689BE3009D2408 /* Main.storyboard */ = {
			isa = PBXVariantGroup;
			children = (
				EECF59E01B689BE3009D2408 /* Base */,
			);
			name = Main.storyboard;
			sourceTree = "<group>";
		};
		EECF59E41B689BE3009D2408 /* LaunchScreen.xib */ = {
			isa = PBXVariantGroup;
			children = (
				EECF59E51B689BE3009D2408 /* Base */,
			);
			name = LaunchScreen.xib;
			sourceTree = "<group>";
		};
/* End PBXVariantGroup section */

/* Begin XCBuildConfiguration section */
		EECF59F31B689BE3009D2408 /* Debug */ = {
			isa = XCBuildConfiguration;
			buildSettings = {
				ALWAYS_SEARCH_USER_PATHS = NO;
				CLANG_CXX_LANGUAGE_STANDARD = "gnu++0x";
				CLANG_CXX_LIBRARY = "libc++";
				CLANG_ENABLE_MODULES = YES;
				CLANG_ENABLE_OBJC_ARC = YES;
				CLANG_WARN_BOOL_CONVERSION = YES;
				CLANG_WARN_CONSTANT_CONVERSION = YES;
				CLANG_WARN_DIRECT_OBJC_ISA_USAGE = YES_ERROR;
				CLANG_WARN_EMPTY_BODY = YES;
				CLANG_WARN_ENUM_CONVERSION = YES;
				CLANG_WARN_INT_CONVERSION = YES;
				CLANG_WARN_OBJC_ROOT_CLASS = YES_ERROR;
				CLANG_WARN_UNREACHABLE_CODE = YES;
				CLANG_WARN__DUPLICATE_METHOD_MATCH = YES;
				"CODE_SIGN_IDENTITY[sdk=iphoneos*]" = "iPhone Developer";
				COPY_PHASE_STRIP = NO;
				DEBUG_INFORMATION_FORMAT = "dwarf-with-dsym";
				ENABLE_STRICT_OBJC_MSGSEND = YES;
				GCC_C_LANGUAGE_STANDARD = gnu99;
				GCC_DYNAMIC_NO_PIC = NO;
				GCC_NO_COMMON_BLOCKS = YES;
				GCC_OPTIMIZATION_LEVEL = 0;
				GCC_PREPROCESSOR_DEFINITIONS = (
					"DEBUG=1",
					"$(inherited)",
				);
				GCC_SYMBOLS_PRIVATE_EXTERN = NO;
				GCC_WARN_64_TO_32_BIT_CONVERSION = YES;
				GCC_WARN_ABOUT_RETURN_TYPE = YES_ERROR;
				GCC_WARN_UNDECLARED_SELECTOR = YES;
				GCC_WARN_UNINITIALIZED_AUTOS = YES_AGGRESSIVE;
				GCC_WARN_UNUSED_FUNCTION = YES;
				GCC_WARN_UNUSED_VARIABLE = YES;
				IPHONEOS_DEPLOYMENT_TARGET = 8.4;
				MTL_ENABLE_DEBUG_INFO = YES;
				ONLY_ACTIVE_ARCH = YES;
				SDKROOT = iphoneos;
				SWIFT_OPTIMIZATION_LEVEL = "-Onone";
				TARGETED_DEVICE_FAMILY = "1,2";
			};
			name = Debug;
		};
		EECF59F41B689BE3009D2408 /* Release */ = {
			isa = XCBuildConfiguration;
			buildSettings = {
				ALWAYS_SEARCH_USER_PATHS = NO;
				CLANG_CXX_LANGUAGE_STANDARD = "gnu++0x";
				CLANG_CXX_LIBRARY = "libc++";
				CLANG_ENABLE_MODULES = YES;
				CLANG_ENABLE_OBJC_ARC = YES;
				CLANG_WARN_BOOL_CONVERSION = YES;
				CLANG_WARN_CONSTANT_CONVERSION = YES;
				CLANG_WARN_DIRECT_OBJC_ISA_USAGE = YES_ERROR;
				CLANG_WARN_EMPTY_BODY = YES;
				CLANG_WARN_ENUM_CONVERSION = YES;
				CLANG_WARN_INT_CONVERSION = YES;
				CLANG_WARN_OBJC_ROOT_CLASS = YES_ERROR;
				CLANG_WARN_UNREACHABLE_CODE = YES;
				CLANG_WARN__DUPLICATE_METHOD_MATCH = YES;
				"CODE_SIGN_IDENTITY[sdk=iphoneos*]" = "iPhone Developer";
				COPY_PHASE_STRIP = NO;
				DEBUG_INFORMATION_FORMAT = "dwarf-with-dsym";
				ENABLE_NS_ASSERTIONS = NO;
				ENABLE_STRICT_OBJC_MSGSEND = YES;
				GCC_C_LANGUAGE_STANDARD = gnu99;
				GCC_NO_COMMON_BLOCKS = YES;
				GCC_WARN_64_TO_32_BIT_CONVERSION = YES;
				GCC_WARN_ABOUT_RETURN_TYPE = YES_ERROR;
				GCC_WARN_UNDECLARED_SELECTOR = YES;
				GCC_WARN_UNINITIALIZED_AUTOS = YES_AGGRESSIVE;
				GCC_WARN_UNUSED_FUNCTION = YES;
				GCC_WARN_UNUSED_VARIABLE = YES;
				IPHONEOS_DEPLOYMENT_TARGET = 8.4;
				MTL_ENABLE_DEBUG_INFO = NO;
				SDKROOT = iphoneos;
				TARGETED_DEVICE_FAMILY = "1,2";
				VALIDATE_PRODUCT = YES;
			};
			name = Release;
		};
		EECF59F61B689BE3009D2408 /* Debug */ = {
			isa = XCBuildConfiguration;
			baseConfigurationReference = 0C0A78AAD0FDDD0554974D9D /* Pods-geny-webrtc.debug.xcconfig */;
			buildSettings = {
				ASSETCATALOG_COMPILER_APPICON_NAME = AppIcon;
				FRAMEWORK_SEARCH_PATHS = (
					"$(inherited)",
					"$(PROJECT_DIR)/SocketRocket/build/Debug",
				);
				INFOPLIST_FILE = "geny-webrtc/Info.plist";
				LD_RUNPATH_SEARCH_PATHS = "$(inherited) @executable_path/Frameworks";
				LIBRARY_SEARCH_PATHS = (
					"$(inherited)",
					"$(PROJECT_DIR)/build/Debug-iphoneos",
				);
				PRODUCT_NAME = "$(TARGET_NAME)";
				SWIFT_OBJC_BRIDGING_HEADER = "geny-webrtc/RTC-Bridging-Header.h";
			};
			name = Debug;
		};
		EECF59F71B689BE3009D2408 /* Release */ = {
			isa = XCBuildConfiguration;
			baseConfigurationReference = 664C0F88B3F2204A516140E6 /* Pods-geny-webrtc.release.xcconfig */;
			buildSettings = {
				ASSETCATALOG_COMPILER_APPICON_NAME = AppIcon;
				FRAMEWORK_SEARCH_PATHS = (
					"$(inherited)",
					"$(PROJECT_DIR)/SocketRocket/build/Debug",
				);
				INFOPLIST_FILE = "geny-webrtc/Info.plist";
				LD_RUNPATH_SEARCH_PATHS = "$(inherited) @executable_path/Frameworks";
				LIBRARY_SEARCH_PATHS = (
					"$(inherited)",
					"$(PROJECT_DIR)/build/Debug-iphoneos",
				);
				PRODUCT_NAME = "$(TARGET_NAME)";
				SWIFT_OBJC_BRIDGING_HEADER = "geny-webrtc/RTC-Bridging-Header.h";
			};
			name = Release;
		};
		EECF59F91B689BE3009D2408 /* Debug */ = {
			isa = XCBuildConfiguration;
			buildSettings = {
				BUNDLE_LOADER = "$(TEST_HOST)";
				FRAMEWORK_SEARCH_PATHS = (
					"$(SDKROOT)/Developer/Library/Frameworks",
					"$(inherited)",
				);
				GCC_PREPROCESSOR_DEFINITIONS = (
					"DEBUG=1",
					"$(inherited)",
				);
				INFOPLIST_FILE = "geny-webrtcTests/Info.plist";
				LD_RUNPATH_SEARCH_PATHS = "$(inherited) @executable_path/Frameworks @loader_path/Frameworks";
				PRODUCT_NAME = "$(TARGET_NAME)";
				TEST_HOST = "$(BUILT_PRODUCTS_DIR)/geny-webrtc.app/geny-webrtc";
			};
			name = Debug;
		};
		EECF59FA1B689BE3009D2408 /* Release */ = {
			isa = XCBuildConfiguration;
			buildSettings = {
				BUNDLE_LOADER = "$(TEST_HOST)";
				FRAMEWORK_SEARCH_PATHS = (
					"$(SDKROOT)/Developer/Library/Frameworks",
					"$(inherited)",
				);
				INFOPLIST_FILE = "geny-webrtcTests/Info.plist";
				LD_RUNPATH_SEARCH_PATHS = "$(inherited) @executable_path/Frameworks @loader_path/Frameworks";
				PRODUCT_NAME = "$(TARGET_NAME)";
				TEST_HOST = "$(BUILT_PRODUCTS_DIR)/geny-webrtc.app/geny-webrtc";
			};
			name = Release;
		};
/* End XCBuildConfiguration section */

/* Begin XCConfigurationList section */
		EECF59CE1B689BE2009D2408 /* Build configuration list for PBXProject "geny-webrtc" */ = {
			isa = XCConfigurationList;
			buildConfigurations = (
				EECF59F31B689BE3009D2408 /* Debug */,
				EECF59F41B689BE3009D2408 /* Release */,
			);
			defaultConfigurationIsVisible = 0;
			defaultConfigurationName = Release;
		};
		EECF59F51B689BE3009D2408 /* Build configuration list for PBXNativeTarget "geny-webrtc" */ = {
			isa = XCConfigurationList;
			buildConfigurations = (
				EECF59F61B689BE3009D2408 /* Debug */,
				EECF59F71B689BE3009D2408 /* Release */,
			);
			defaultConfigurationIsVisible = 0;
			defaultConfigurationName = Release;
		};
		EECF59F81B689BE3009D2408 /* Build configuration list for PBXNativeTarget "geny-webrtcTests" */ = {
			isa = XCConfigurationList;
			buildConfigurations = (
				EECF59F91B689BE3009D2408 /* Debug */,
				EECF59FA1B689BE3009D2408 /* Release */,
			);
			defaultConfigurationIsVisible = 0;
			defaultConfigurationName = Release;
		};
/* End XCConfigurationList section */

/* Begin XCVersionGroup section */
		EECF59DA1B689BE3009D2408 /* geny_webrtc.xcdatamodeld */ = {
			isa = XCVersionGroup;
			children = (
				EECF59DB1B689BE3009D2408 /* geny_webrtc.xcdatamodel */,
			);
			currentVersion = EECF59DB1B689BE3009D2408 /* geny_webrtc.xcdatamodel */;
			path = geny_webrtc.xcdatamodeld;
			sourceTree = "<group>";
			versionGroupType = wrapper.xcdatamodel;
		};
/* End XCVersionGroup section */
	};
	rootObject = EECF59CB1B689BE2009D2408 /* Project object */;
}
